
Microsoft Visual Studio Solution File, Format Version 12.00
# Visual Studio Version 16
VisualStudioVersion = 16.0.31624.102
MinimumVisualStudioVersion = 10.0.40219.1
Project("{FAE04EC0-301F-11D3-BF4B-00C04F79EFBC}") = "Anon_Method", "Anon_Method\Anon_Method.csproj", "{223180B8-249D-4F15-AB4C-C3F615EAF140}"
EndProject
Project("{FAE04EC0-301F-11D3-BF4B-00C04F79EFBC}") = "Anon_Method1", "Anon_Method1\Anon_Method1.csproj", "{A44B8F50-5088-44CB-AC29-840A25F6B3AF}"
EndProject
Global
	GlobalSection(SolutionConfigurationPlatforms) = preSolution
		Debug|Any CPU = Debug|Any CPU
		Release|Any CPU = Release|Any CPU
	EndGlobalSection
	GlobalSection(ProjectConfigurationPlatforms) = postSolution
		{223180B8-249D-4F15-AB4C-C3F615EAF140}.Debug|Any CPU.ActiveCfg = Debug|Any CPU
		{223180B8-249D-4F15-AB4C-C3F615EAF140}.Debug|Any CPU.Build.0 = Debug|Any CPU
		{223180B8-249D-4F15-AB4C-C3F615EAF140}.Release|Any CPU.ActiveCfg = Release|Any CPU
		{223180B8-249D-4F15-AB4C-C3F615EAF140}.Release|Any CPU.Build.0 = Release|Any CPU
		{A44B8F50-5088-44CB-AC29-840A25F6B3AF}.Debug|Any CPU.ActiveCfg = Debug|Any CPU
		{A44B8F50-5088-44CB-AC29-840A25F6B3AF}.Debug|Any CPU.Build.0 = Debug|Any CPU
		{A44B8F50-5088-44CB-AC29-840A25F6B3AF}.Release|Any CPU.ActiveCfg = Release|Any CPU
		{A44B8F50-5088-44CB-AC29-840A25F6B3AF}.Release|Any CPU.Build.0 = Release|Any CPU
	EndGlobalSection
	GlobalSection(SolutionProperties) = preSolution
		HideSolutionNode = FALSE
	EndGlobalSection
	GlobalSection(ExtensibilityGlobals) = postSolution
		SolutionGuid = {50E57709-98B2-44B6-9C35-542AAC3367ED}
	EndGlobalSection
EndGlobal
